// !$*UTF8*$!
{
	archiveVersion = 1;
	classes = {
	};
	objectVersion = 56;
	objects = {

/* Begin PBXBuildFile section */
		261E575C2BDFEF420076253F /* AppDelegate.swift in Sources */ = {isa = PBXBuildFile; fileRef = 261E575B2BDFEF420076253F /* AppDelegate.swift */; };
		261E575E2BDFEF420076253F /* SceneDelegate.swift in Sources */ = {isa = PBXBuildFile; fileRef = 261E575D2BDFEF420076253F /* SceneDelegate.swift */; };
		261E57602BDFEF420076253F /* DishListViewController.swift in Sources */ = {isa = PBXBuildFile; fileRef = 261E575F2BDFEF420076253F /* DishListViewController.swift */; };
		261E57652BDFEF430076253F /* Assets.xcassets in Resources */ = {isa = PBXBuildFile; fileRef = 261E57642BDFEF430076253F /* Assets.xcassets */; };
		261E57682BDFEF430076253F /* LaunchScreen.storyboard in Resources */ = {isa = PBXBuildFile; fileRef = 261E57662BDFEF430076253F /* LaunchScreen.storyboard */; };
		261E57712BDFF8430076253F /* Dish.swift in Sources */ = {isa = PBXBuildFile; fileRef = 261E57702BDFF8430076253F /* Dish.swift */; };
		261E57732BE117A80076253F /* Main.storyboard in Resources */ = {isa = PBXBuildFile; fileRef = 261E57722BE117A80076253F /* Main.storyboard */; };
		261E57752BE11BB50076253F /* DishCheckBoxButton.swift in Sources */ = {isa = PBXBuildFile; fileRef = 261E57742BE11BB50076253F /* DishCheckBoxButton.swift */; };
		261E57772BE11DBC0076253F /* DishListViewController+Actions.swift in Sources */ = {isa = PBXBuildFile; fileRef = 261E57762BE11DBC0076253F /* DishListViewController+Actions.swift */; };
		261E57792BE12CEB0076253F /* DishListViewController+DataSource.swift in Sources */ = {isa = PBXBuildFile; fileRef = 261E57782BE12CEB0076253F /* DishListViewController+DataSource.swift */; };
		263BCF0E2BFFD0E10037242D /* DishViewConroller.swift in Sources */ = {isa = PBXBuildFile; fileRef = 263BCF0D2BFFD0E10037242D /* DishViewConroller.swift */; };
		263BCF102BFFDBAC0037242D /* DishViewController+Row.swift in Sources */ = {isa = PBXBuildFile; fileRef = 263BCF0F2BFFDBAC0037242D /* DishViewController+Row.swift */; };
		263BCF142C00D0B70037242D /* DishViewController+Section.swift in Sources */ = {isa = PBXBuildFile; fileRef = 263BCF132C00D0B70037242D /* DishViewController+Section.swift */; };
		263BCF242C065EF90037242D /* DishViewController+CellConfiguration.swift in Sources */ = {isa = PBXBuildFile; fileRef = 263BCF232C065EF90037242D /* DishViewController+CellConfiguration.swift */; };
		263BCF272C06642F0037242D /* UIView+PinnedSubview.swift in Sources */ = {isa = PBXBuildFile; fileRef = 263BCF262C06642F0037242D /* UIView+PinnedSubview.swift */; };
		263BCF292C0739980037242D /* TextFieldContentView.swift in Sources */ = {isa = PBXBuildFile; fileRef = 263BCF282C0739980037242D /* TextFieldContentView.swift */; };
		263BCF2B2C0741170037242D /* UIContentConfiguration+Stateless.swift in Sources */ = {isa = PBXBuildFile; fileRef = 263BCF2A2C0741170037242D /* UIContentConfiguration+Stateless.swift */; };
		263BCF2D2C074B3B0037242D /* TextViewContentView.swift in Sources */ = {isa = PBXBuildFile; fileRef = 263BCF2C2C074B3B0037242D /* TextViewContentView.swift */; };
		2667AD9C2C0E406C00F4F935 /* DishListStyle.swift in Sources */ = {isa = PBXBuildFile; fileRef = 2667AD9B2C0E406B00F4F935 /* DishListStyle.swift */; };
/* End PBXBuildFile section */

/* Begin PBXFileReference section */
		261E57582BDFEF420076253F /* LesCortsHouse.app */ = {isa = PBXFileReference; explicitFileType = wrapper.application; includeInIndex = 0; path = LesCortsHouse.app; sourceTree = BUILT_PRODUCTS_DIR; };
		261E575B2BDFEF420076253F /* AppDelegate.swift */ = {isa = PBXFileReference; lastKnownFileType = sourcecode.swift; path = AppDelegate.swift; sourceTree = "<group>"; };
		261E575D2BDFEF420076253F /* SceneDelegate.swift */ = {isa = PBXFileReference; lastKnownFileType = sourcecode.swift; path = SceneDelegate.swift; sourceTree = "<group>"; };
		261E575F2BDFEF420076253F /* DishListViewController.swift */ = {isa = PBXFileReference; lastKnownFileType = sourcecode.swift; path = DishListViewController.swift; sourceTree = "<group>"; };
		261E57642BDFEF430076253F /* Assets.xcassets */ = {isa = PBXFileReference; lastKnownFileType = folder.assetcatalog; path = Assets.xcassets; sourceTree = "<group>"; };
		261E57672BDFEF430076253F /* Base */ = {isa = PBXFileReference; lastKnownFileType = file.storyboard; name = Base; path = Base.lproj/LaunchScreen.storyboard; sourceTree = "<group>"; };
		261E57692BDFEF430076253F /* Info.plist */ = {isa = PBXFileReference; lastKnownFileType = text.plist.xml; path = Info.plist; sourceTree = "<group>"; };
		261E57702BDFF8430076253F /* Dish.swift */ = {isa = PBXFileReference; lastKnownFileType = sourcecode.swift; path = Dish.swift; sourceTree = "<group>"; };
		261E57722BE117A80076253F /* Main.storyboard */ = {isa = PBXFileReference; fileEncoding = 4; lastKnownFileType = file.storyboard; path = Main.storyboard; sourceTree = "<group>"; };
		261E57742BE11BB50076253F /* DishCheckBoxButton.swift */ = {isa = PBXFileReference; lastKnownFileType = sourcecode.swift; path = DishCheckBoxButton.swift; sourceTree = "<group>"; };
		261E57762BE11DBC0076253F /* DishListViewController+Actions.swift */ = {isa = PBXFileReference; lastKnownFileType = sourcecode.swift; path = "DishListViewController+Actions.swift"; sourceTree = "<group>"; };
		261E57782BE12CEB0076253F /* DishListViewController+DataSource.swift */ = {isa = PBXFileReference; lastKnownFileType = sourcecode.swift; path = "DishListViewController+DataSource.swift"; sourceTree = "<group>"; };
		263BCF0D2BFFD0E10037242D /* DishViewConroller.swift */ = {isa = PBXFileReference; lastKnownFileType = sourcecode.swift; path = DishViewConroller.swift; sourceTree = "<group>"; };
		263BCF0F2BFFDBAC0037242D /* DishViewController+Row.swift */ = {isa = PBXFileReference; lastKnownFileType = sourcecode.swift; path = "DishViewController+Row.swift"; sourceTree = "<group>"; };
		263BCF132C00D0B70037242D /* DishViewController+Section.swift */ = {isa = PBXFileReference; lastKnownFileType = sourcecode.swift; path = "DishViewController+Section.swift"; sourceTree = "<group>"; };
		263BCF232C065EF90037242D /* DishViewController+CellConfiguration.swift */ = {isa = PBXFileReference; lastKnownFileType = sourcecode.swift; path = "DishViewController+CellConfiguration.swift"; sourceTree = "<group>"; };
		263BCF262C06642F0037242D /* UIView+PinnedSubview.swift */ = {isa = PBXFileReference; lastKnownFileType = sourcecode.swift; path = "UIView+PinnedSubview.swift"; sourceTree = "<group>"; };
		263BCF282C0739980037242D /* TextFieldContentView.swift */ = {isa = PBXFileReference; lastKnownFileType = sourcecode.swift; path = TextFieldContentView.swift; sourceTree = "<group>"; };
		263BCF2A2C0741170037242D /* UIContentConfiguration+Stateless.swift */ = {isa = PBXFileReference; lastKnownFileType = sourcecode.swift; path = "UIContentConfiguration+Stateless.swift"; sourceTree = "<group>"; };
		263BCF2C2C074B3B0037242D /* TextViewContentView.swift */ = {isa = PBXFileReference; lastKnownFileType = sourcecode.swift; path = TextViewContentView.swift; sourceTree = "<group>"; };
		2667AD9B2C0E406B00F4F935 /* DishListStyle.swift */ = {isa = PBXFileReference; lastKnownFileType = sourcecode.swift; path = DishListStyle.swift; sourceTree = "<group>"; };
/* End PBXFileReference section */

/* Begin PBXFrameworksBuildPhase section */
		261E57552BDFEF420076253F /* Frameworks */ = {
			isa = PBXFrameworksBuildPhase;
			buildActionMask = 2147483647;
			files = (
			);
			runOnlyForDeploymentPostprocessing = 0;
		};
/* End PBXFrameworksBuildPhase section */

/* Begin PBXGroup section */
		261E574F2BDFEF420076253F = {
			isa = PBXGroup;
			children = (
				261E575A2BDFEF420076253F /* LesCortsHouse */,
				261E57592BDFEF420076253F /* Products */,
			);
			sourceTree = "<group>";
		};
		261E57592BDFEF420076253F /* Products */ = {
			isa = PBXGroup;
			children = (
				261E57582BDFEF420076253F /* LesCortsHouse.app */,
			);
			name = Products;
			sourceTree = "<group>";
		};
		261E575A2BDFEF420076253F /* LesCortsHouse */ = {
			isa = PBXGroup;
			children = (
				2667AD9A2C0E405200F4F935 /* Models */,
				263BCF252C0663ED0037242D /* ContentViews */,
				261E576F2BDFF7EC0076253F /* ListViewController */,
				261E575B2BDFEF420076253F /* AppDelegate.swift */,
				261E575D2BDFEF420076253F /* SceneDelegate.swift */,
				261E57722BE117A80076253F /* Main.storyboard */,
				261E57642BDFEF430076253F /* Assets.xcassets */,
				261E57662BDFEF430076253F /* LaunchScreen.storyboard */,
				261E57692BDFEF430076253F /* Info.plist */,
			);
			path = LesCortsHouse;
			sourceTree = "<group>";
		};
		261E576F2BDFF7EC0076253F /* ListViewController */ = {
			isa = PBXGroup;
			children = (
				261E575F2BDFEF420076253F /* DishListViewController.swift */,
				261E57702BDFF8430076253F /* Dish.swift */,
				261E57742BE11BB50076253F /* DishCheckBoxButton.swift */,
				261E57762BE11DBC0076253F /* DishListViewController+Actions.swift */,
				261E57782BE12CEB0076253F /* DishListViewController+DataSource.swift */,
				263BCF0C2BFF9C900037242D /* DetailViewController */,
			);
			path = ListViewController;
			sourceTree = "<group>";
		};
		263BCF0C2BFF9C900037242D /* DetailViewController */ = {
			isa = PBXGroup;
			children = (
				263BCF0D2BFFD0E10037242D /* DishViewConroller.swift */,
				263BCF232C065EF90037242D /* DishViewController+CellConfiguration.swift */,
				263BCF132C00D0B70037242D /* DishViewController+Section.swift */,
				263BCF0F2BFFDBAC0037242D /* DishViewController+Row.swift */,
			);
			path = DetailViewController;
			sourceTree = "<group>";
		};
		263BCF252C0663ED0037242D /* ContentViews */ = {
			isa = PBXGroup;
			children = (
				263BCF262C06642F0037242D /* UIView+PinnedSubview.swift */,
				263BCF282C0739980037242D /* TextFieldContentView.swift */,
				263BCF2C2C074B3B0037242D /* TextViewContentView.swift */,
				263BCF2A2C0741170037242D /* UIContentConfiguration+Stateless.swift */,
			);
			path = ContentViews;
			sourceTree = "<group>";
		};
		2667AD9A2C0E405200F4F935 /* Models */ = {
			isa = PBXGroup;
			children = (
				2667AD9B2C0E406B00F4F935 /* DishListStyle.swift */,
			);
			path = Models;
			sourceTree = "<group>";
		};
/* End PBXGroup section */

/* Begin PBXNativeTarget section */
		261E57572BDFEF420076253F /* LesCortsHouse */ = {
			isa = PBXNativeTarget;
			buildConfigurationList = 261E576C2BDFEF430076253F /* Build configuration list for PBXNativeTarget "LesCortsHouse" */;
			buildPhases = (
				261E57542BDFEF420076253F /* Sources */,
				261E57552BDFEF420076253F /* Frameworks */,
				261E57562BDFEF420076253F /* Resources */,
			);
			buildRules = (
			);
			dependencies = (
			);
			name = LesCortsHouse;
			productName = LesCortsHouse;
			productReference = 261E57582BDFEF420076253F /* LesCortsHouse.app */;
			productType = "com.apple.product-type.application";
		};
/* End PBXNativeTarget section */

/* Begin PBXProject section */
		261E57502BDFEF420076253F /* Project object */ = {
			isa = PBXProject;
			attributes = {
				BuildIndependentTargetsInParallel = 1;
				LastSwiftUpdateCheck = 1420;
				LastUpgradeCheck = 1420;
				TargetAttributes = {
					261E57572BDFEF420076253F = {
						CreatedOnToolsVersion = 14.2;
					};
				};
			};
			buildConfigurationList = 261E57532BDFEF420076253F /* Build configuration list for PBXProject "LesCortsHouse" */;
			compatibilityVersion = "Xcode 14.0";
			developmentRegion = en;
			hasScannedForEncodings = 0;
			knownRegions = (
				en,
				Base,
			);
			mainGroup = 261E574F2BDFEF420076253F;
			productRefGroup = 261E57592BDFEF420076253F /* Products */;
			projectDirPath = "";
			projectRoot = "";
			targets = (
				261E57572BDFEF420076253F /* LesCortsHouse */,
			);
		};
/* End PBXProject section */

/* Begin PBXResourcesBuildPhase section */
		261E57562BDFEF420076253F /* Resources */ = {
			isa = PBXResourcesBuildPhase;
			buildActionMask = 2147483647;
			files = (
				261E57732BE117A80076253F /* Main.storyboard in Resources */,
				261E57682BDFEF430076253F /* LaunchScreen.storyboard in Resources */,
				261E57652BDFEF430076253F /* Assets.xcassets in Resources */,
			);
			runOnlyForDeploymentPostprocessing = 0;
		};
/* End PBXResourcesBuildPhase section */

/* Begin PBXSourcesBuildPhase section */
		261E57542BDFEF420076253F /* Sources */ = {
			isa = PBXSourcesBuildPhase;
			buildActionMask = 2147483647;
			files = (
				263BCF292C0739980037242D /* TextFieldContentView.swift in Sources */,
				263BCF272C06642F0037242D /* UIView+PinnedSubview.swift in Sources */,
				261E57602BDFEF420076253F /* DishListViewController.swift in Sources */,
				2667AD9C2C0E406C00F4F935 /* DishListStyle.swift in Sources */,
				261E57752BE11BB50076253F /* DishCheckBoxButton.swift in Sources */,
				263BCF242C065EF90037242D /* DishViewController+CellConfiguration.swift in Sources */,
				261E57792BE12CEB0076253F /* DishListViewController+DataSource.swift in Sources */,
				263BCF2D2C074B3B0037242D /* TextViewContentView.swift in Sources */,
				261E57772BE11DBC0076253F /* DishListViewController+Actions.swift in Sources */,
				263BCF2B2C0741170037242D /* UIContentConfiguration+Stateless.swift in Sources */,
				261E57712BDFF8430076253F /* Dish.swift in Sources */,
				263BCF0E2BFFD0E10037242D /* DishViewConroller.swift in Sources */,
				261E575C2BDFEF420076253F /* AppDelegate.swift in Sources */,
				261E575E2BDFEF420076253F /* SceneDelegate.swift in Sources */,
				263BCF142C00D0B70037242D /* DishViewController+Section.swift in Sources */,
				263BCF102BFFDBAC0037242D /* DishViewController+Row.swift in Sources */,
			);
			runOnlyForDeploymentPostprocessing = 0;
		};
/* End PBXSourcesBuildPhase section */

/* Begin PBXVariantGroup section */
		261E57662BDFEF430076253F /* LaunchScreen.storyboard */ = {
			isa = PBXVariantGroup;
			children = (
				261E57672BDFEF430076253F /* Base */,
			);
			name = LaunchScreen.storyboard;
			sourceTree = "<group>";
		};
/* End PBXVariantGroup section */

/* Begin XCBuildConfiguration section */
		261E576A2BDFEF430076253F /* Debug */ = {
			isa = XCBuildConfiguration;
			buildSettings = {
				ALWAYS_SEARCH_USER_PATHS = NO;
				CLANG_ANALYZER_NONNULL = YES;
				CLANG_ANALYZER_NUMBER_OBJECT_CONVERSION = YES_AGGRESSIVE;
				CLANG_CXX_LANGUAGE_STANDARD = "gnu++20";
				CLANG_ENABLE_MODULES = YES;
				CLANG_ENABLE_OBJC_ARC = YES;
				CLANG_ENABLE_OBJC_WEAK = YES;
				CLANG_WARN_BLOCK_CAPTURE_AUTORELEASING = YES;
				CLANG_WARN_BOOL_CONVERSION = YES;
				CLANG_WARN_COMMA = YES;
				CLANG_WARN_CONSTANT_CONVERSION = YES;
				CLANG_WARN_DEPRECATED_OBJC_IMPLEMENTATIONS = YES;
				CLANG_WARN_DIRECT_OBJC_ISA_USAGE = YES_ERROR;
				CLANG_WARN_DOCUMENTATION_COMMENTS = YES;
				CLANG_WARN_EMPTY_BODY = YES;
				CLANG_WARN_ENUM_CONVERSION = YES;
				CLANG_WARN_INFINITE_RECURSION = YES;
				CLANG_WARN_INT_CONVERSION = YES;
				CLANG_WARN_NON_LITERAL_NULL_CONVERSION = YES;
				CLANG_WARN_OBJC_IMPLICIT_RETAIN_SELF = YES;
				CLANG_WARN_OBJC_LITERAL_CONVERSION = YES;
				CLANG_WARN_OBJC_ROOT_CLASS = YES_ERROR;
				CLANG_WARN_QUOTED_INCLUDE_IN_FRAMEWORK_HEADER = YES;
				CLANG_WARN_RANGE_LOOP_ANALYSIS = YES;
				CLANG_WARN_STRICT_PROTOTYPES = YES;
				CLANG_WARN_SUSPICIOUS_MOVE = YES;
				CLANG_WARN_UNGUARDED_AVAILABILITY = YES_AGGRESSIVE;
				CLANG_WARN_UNREACHABLE_CODE = YES;
				CLANG_WARN__DUPLICATE_METHOD_MATCH = YES;
				COPY_PHASE_STRIP = NO;
				DEBUG_INFORMATION_FORMAT = dwarf;
				ENABLE_STRICT_OBJC_MSGSEND = YES;
				ENABLE_TESTABILITY = YES;
				GCC_C_LANGUAGE_STANDARD = gnu11;
				GCC_DYNAMIC_NO_PIC = NO;
				GCC_NO_COMMON_BLOCKS = YES;
				GCC_OPTIMIZATION_LEVEL = 0;
				GCC_PREPROCESSOR_DEFINITIONS = (
					"DEBUG=1",
					"$(inherited)",
				);
				GCC_WARN_64_TO_32_BIT_CONVERSION = YES;
				GCC_WARN_ABOUT_RETURN_TYPE = YES_ERROR;
				GCC_WARN_UNDECLARED_SELECTOR = YES;
				GCC_WARN_UNINITIALIZED_AUTOS = YES_AGGRESSIVE;
				GCC_WARN_UNUSED_FUNCTION = YES;
				GCC_WARN_UNUSED_VARIABLE = YES;
				IPHONEOS_DEPLOYMENT_TARGET = 16.2;
				MTL_ENABLE_DEBUG_INFO = INCLUDE_SOURCE;
				MTL_FAST_MATH = YES;
				ONLY_ACTIVE_ARCH = YES;
				SDKROOT = iphoneos;
				SWIFT_ACTIVE_COMPILATION_CONDITIONS = DEBUG;
				SWIFT_OPTIMIZATION_LEVEL = "-Onone";
			};
			name = Debug;
		};
		261E576B2BDFEF430076253F /* Release */ = {
			isa = XCBuildConfiguration;
			buildSettings = {
				ALWAYS_SEARCH_USER_PATHS = NO;
				CLANG_ANALYZER_NONNULL = YES;
				CLANG_ANALYZER_NUMBER_OBJECT_CONVERSION = YES_AGGRESSIVE;
				CLANG_CXX_LANGUAGE_STANDARD = "gnu++20";
				CLANG_ENABLE_MODULES = YES;
				CLANG_ENABLE_OBJC_ARC = YES;
				CLANG_ENABLE_OBJC_WEAK = YES;
				CLANG_WARN_BLOCK_CAPTURE_AUTORELEASING = YES;
				CLANG_WARN_BOOL_CONVERSION = YES;
				CLANG_WARN_COMMA = YES;
				CLANG_WARN_CONSTANT_CONVERSION = YES;
				CLANG_WARN_DEPRECATED_OBJC_IMPLEMENTATIONS = YES;
				CLANG_WARN_DIRECT_OBJC_ISA_USAGE = YES_ERROR;
				CLANG_WARN_DOCUMENTATION_COMMENTS = YES;
				CLANG_WARN_EMPTY_BODY = YES;
				CLANG_WARN_ENUM_CONVERSION = YES;
				CLANG_WARN_INFINITE_RECURSION = YES;
				CLANG_WARN_INT_CONVERSION = YES;
				CLANG_WARN_NON_LITERAL_NULL_CONVERSION = YES;
				CLANG_WARN_OBJC_IMPLICIT_RETAIN_SELF = YES;
				CLANG_WARN_OBJC_LITERAL_CONVERSION = YES;
				CLANG_WARN_OBJC_ROOT_CLASS = YES_ERROR;
				CLANG_WARN_QUOTED_INCLUDE_IN_FRAMEWORK_HEADER = YES;
				CLANG_WARN_RANGE_LOOP_ANALYSIS = YES;
				CLANG_WARN_STRICT_PROTOTYPES = YES;
				CLANG_WARN_SUSPICIOUS_MOVE = YES;
				CLANG_WARN_UNGUARDED_AVAILABILITY = YES_AGGRESSIVE;
				CLANG_WARN_UNREACHABLE_CODE = YES;
				CLANG_WARN__DUPLICATE_METHOD_MATCH = YES;
				COPY_PHASE_STRIP = NO;
				DEBUG_INFORMATION_FORMAT = "dwarf-with-dsym";
				ENABLE_NS_ASSERTIONS = NO;
				ENABLE_STRICT_OBJC_MSGSEND = YES;
				GCC_C_LANGUAGE_STANDARD = gnu11;
				GCC_NO_COMMON_BLOCKS = YES;
				GCC_WARN_64_TO_32_BIT_CONVERSION = YES;
				GCC_WARN_ABOUT_RETURN_TYPE = YES_ERROR;
				GCC_WARN_UNDECLARED_SELECTOR = YES;
				GCC_WARN_UNINITIALIZED_AUTOS = YES_AGGRESSIVE;
				GCC_WARN_UNUSED_FUNCTION = YES;
				GCC_WARN_UNUSED_VARIABLE = YES;
				IPHONEOS_DEPLOYMENT_TARGET = 16.2;
				MTL_ENABLE_DEBUG_INFO = NO;
				MTL_FAST_MATH = YES;
				SDKROOT = iphoneos;
				SWIFT_COMPILATION_MODE = wholemodule;
				SWIFT_OPTIMIZATION_LEVEL = "-O";
				VALIDATE_PRODUCT = YES;
			};
			name = Release;
		};
		261E576D2BDFEF430076253F /* Debug */ = {
			isa = XCBuildConfiguration;
			buildSettings = {
				ASSETCATALOG_COMPILER_APPICON_NAME = AppIcon;
				ASSETCATALOG_COMPILER_GLOBAL_ACCENT_COLOR_NAME = AccentColor;
				CODE_SIGN_STYLE = Automatic;
				CURRENT_PROJECT_VERSION = 1;
				DEVELOPMENT_TEAM = 2W68P4K54R;
				GENERATE_INFOPLIST_FILE = YES;
				INFOPLIST_FILE = LesCortsHouse/Info.plist;
				INFOPLIST_KEY_UIApplicationSupportsIndirectInputEvents = YES;
				INFOPLIST_KEY_UILaunchStoryboardName = LaunchScreen;
				INFOPLIST_KEY_UIMainStoryboardFile = Main;
				INFOPLIST_KEY_UISupportedInterfaceOrientations_iPad = "UIInterfaceOrientationPortrait UIInterfaceOrientationPortraitUpsideDown UIInterfaceOrientationLandscapeLeft UIInterfaceOrientationLandscapeRight";
				INFOPLIST_KEY_UISupportedInterfaceOrientations_iPhone = "UIInterfaceOrientationPortrait UIInterfaceOrientationLandscapeLeft UIInterfaceOrientationLandscapeRight";
				LD_RUNPATH_SEARCH_PATHS = (
					"$(inherited)",
					"@executable_path/Frameworks",
				);
				MARKETING_VERSION = 1.0;
				PRODUCT_BUNDLE_IDENTIFIER = com.yula.LesCortsHouse;
				PRODUCT_NAME = "$(TARGET_NAME)";
				SWIFT_EMIT_LOC_STRINGS = YES;
				SWIFT_VERSION = 5.0;
				TARGETED_DEVICE_FAMILY = "1,2";
			};
			name = Debug;
		};
		261E576E2BDFEF430076253F /* Release */ = {
			isa = XCBuildConfiguration;
			buildSettings = {
				ASSETCATALOG_COMPILER_APPICON_NAME = AppIcon;
				ASSETCATALOG_COMPILER_GLOBAL_ACCENT_COLOR_NAME = AccentColor;
				CODE_SIGN_STYLE = Automatic;
				CURRENT_PROJECT_VERSION = 1;
				DEVELOPMENT_TEAM = 2W68P4K54R;
				GENERATE_INFOPLIST_FILE = YES;
				INFOPLIST_FILE = LesCortsHouse/Info.plist;
				INFOPLIST_KEY_UIApplicationSupportsIndirectInputEvents = YES;
				INFOPLIST_KEY_UILaunchStoryboardName = LaunchScreen;
				INFOPLIST_KEY_UIMainStoryboardFile = Main;
				INFOPLIST_KEY_UISupportedInterfaceOrientations_iPad = "UIInterfaceOrientationPortrait UIInterfaceOrientationPortraitUpsideDown UIInterfaceOrientationLandscapeLeft UIInterfaceOrientationLandscapeRight";
				INFOPLIST_KEY_UISupportedInterfaceOrientations_iPhone = "UIInterfaceOrientationPortrait UIInterfaceOrientationLandscapeLeft UIInterfaceOrientationLandscapeRight";
				LD_RUNPATH_SEARCH_PATHS = (
					"$(inherited)",
					"@executable_path/Frameworks",
				);
				MARKETING_VERSION = 1.0;
				PRODUCT_BUNDLE_IDENTIFIER = com.yula.LesCortsHouse;
				PRODUCT_NAME = "$(TARGET_NAME)";
				SWIFT_EMIT_LOC_STRINGS = YES;
				SWIFT_VERSION = 5.0;
				TARGETED_DEVICE_FAMILY = "1,2";
			};
			name = Release;
		};
/* End XCBuildConfiguration section */

/* Begin XCConfigurationList section */
		261E57532BDFEF420076253F /* Build configuration list for PBXProject "LesCortsHouse" */ = {
			isa = XCConfigurationList;
			buildConfigurations = (
				261E576A2BDFEF430076253F /* Debug */,
				261E576B2BDFEF430076253F /* Release */,
			);
			defaultConfigurationIsVisible = 0;
			defaultConfigurationName = Release;
		};
		261E576C2BDFEF430076253F /* Build configuration list for PBXNativeTarget "LesCortsHouse" */ = {
			isa = XCConfigurationList;
			buildConfigurations = (
				261E576D2BDFEF430076253F /* Debug */,
				261E576E2BDFEF430076253F /* Release */,
			);
			defaultConfigurationIsVisible = 0;
			defaultConfigurationName = Release;
		};
/* End XCConfigurationList section */
	};
	rootObject = 261E57502BDFEF420076253F /* Project object */;
}
